
Microsoft Visual Studio Solution File, Format Version 12.00
# Visual Studio 15
VisualStudioVersion = 15.0.28010.2019
MinimumVisualStudioVersion = 10.0.40219.1
Project("{FAE04EC0-301F-11D3-BF4B-00C04F79EFBC}") = "1714tnation2f", "1714tnation2f.csproj", "{9B223B45-F815-46FE-A413-743A77380293}"
EndProject
Project("{2150E333-8FDC-42A3-9474-1A3956D46DE8}") = "Solution Items", "Solution Items", "{2E3F0706-7F56-485F-9423-FBCB8BC36C9F}"
	ProjectSection(SolutionItems) = preProject
		.gitattributes = .gitattributes
		.gitignore = .gitignore
	EndProjectSection
EndProject
Project("{FAE04EC0-301F-11D3-BF4B-00C04F79EFBC}") = "1714tnation2g", "..\1714tnation2g\1714tnation2g.csproj", "{1793E51D-4B15-47A4-A134-2280E644676F}"
EndProject
Project("{00D1A9C2-B5F0-4AF3-8072-F6C62B433612}") = "1714ex2g", "1714ex2g\1714ex2g.sqlproj", "{84E363D8-468A-460D-9187-DA0DBDC94C79}"
EndProject
Project("{FAE04EC0-301F-11D3-BF4B-00C04F79EFBC}") = "1714tnation2h", "..\1714tnation2h\1714tnation2h.csproj", "{B031A982-2022-471F-B372-68D03665F76B}"
EndProject
Project("{00D1A9C2-B5F0-4AF3-8072-F6C62B433612}") = "1714ex2h", "1714ex2h\1714ex2h.sqlproj", "{1CD7EBE1-7D3F-4AE6-A231-39EB37845E60}"
EndProject
Project("{FAE04EC0-301F-11D3-BF4B-00C04F79EFBC}") = "1714tnation3a1", "..\1714tnation3a1\1714tnation3a1.csproj", "{974762A7-1F33-49B8-863D-533C77210ED7}"
EndProject
Global
	GlobalSection(SolutionConfigurationPlatforms) = preSolution
		Debug|Any CPU = Debug|Any CPU
		Release|Any CPU = Release|Any CPU
	EndGlobalSection
	GlobalSection(ProjectConfigurationPlatforms) = postSolution
		{9B223B45-F815-46FE-A413-743A77380293}.Debug|Any CPU.ActiveCfg = Debug|Any CPU
		{9B223B45-F815-46FE-A413-743A77380293}.Debug|Any CPU.Build.0 = Debug|Any CPU
		{9B223B45-F815-46FE-A413-743A77380293}.Release|Any CPU.ActiveCfg = Release|Any CPU
		{9B223B45-F815-46FE-A413-743A77380293}.Release|Any CPU.Build.0 = Release|Any CPU
		{1793E51D-4B15-47A4-A134-2280E644676F}.Debug|Any CPU.ActiveCfg = Debug|Any CPU
		{1793E51D-4B15-47A4-A134-2280E644676F}.Debug|Any CPU.Build.0 = Debug|Any CPU
		{1793E51D-4B15-47A4-A134-2280E644676F}.Release|Any CPU.ActiveCfg = Release|Any CPU
		{1793E51D-4B15-47A4-A134-2280E644676F}.Release|Any CPU.Build.0 = Release|Any CPU
		{84E363D8-468A-460D-9187-DA0DBDC94C79}.Debug|Any CPU.ActiveCfg = Debug|Any CPU
		{84E363D8-468A-460D-9187-DA0DBDC94C79}.Debug|Any CPU.Build.0 = Debug|Any CPU
		{84E363D8-468A-460D-9187-DA0DBDC94C79}.Debug|Any CPU.Deploy.0 = Debug|Any CPU
		{84E363D8-468A-460D-9187-DA0DBDC94C79}.Release|Any CPU.ActiveCfg = Release|Any CPU
		{84E363D8-468A-460D-9187-DA0DBDC94C79}.Release|Any CPU.Build.0 = Release|Any CPU
		{84E363D8-468A-460D-9187-DA0DBDC94C79}.Release|Any CPU.Deploy.0 = Release|Any CPU
		{B031A982-2022-471F-B372-68D03665F76B}.Debug|Any CPU.ActiveCfg = Debug|Any CPU
		{B031A982-2022-471F-B372-68D03665F76B}.Debug|Any CPU.Build.0 = Debug|Any CPU
		{B031A982-2022-471F-B372-68D03665F76B}.Release|Any CPU.ActiveCfg = Release|Any CPU
		{B031A982-2022-471F-B372-68D03665F76B}.Release|Any CPU.Build.0 = Release|Any CPU
		{1CD7EBE1-7D3F-4AE6-A231-39EB37845E60}.Debug|Any CPU.ActiveCfg = Debug|Any CPU
		{1CD7EBE1-7D3F-4AE6-A231-39EB37845E60}.Debug|Any CPU.Build.0 = Debug|Any CPU
		{1CD7EBE1-7D3F-4AE6-A231-39EB37845E60}.Debug|Any CPU.Deploy.0 = Debug|Any CPU
		{1CD7EBE1-7D3F-4AE6-A231-39EB37845E60}.Release|Any CPU.ActiveCfg = Release|Any CPU
		{1CD7EBE1-7D3F-4AE6-A231-39EB37845E60}.Release|Any CPU.Build.0 = Release|Any CPU
		{1CD7EBE1-7D3F-4AE6-A231-39EB37845E60}.Release|Any CPU.Deploy.0 = Release|Any CPU
		{974762A7-1F33-49B8-863D-533C77210ED7}.Debug|Any CPU.ActiveCfg = Debug|Any CPU
		{974762A7-1F33-49B8-863D-533C77210ED7}.Debug|Any CPU.Build.0 = Debug|Any CPU
		{974762A7-1F33-49B8-863D-533C77210ED7}.Release|Any CPU.ActiveCfg = Release|Any CPU
		{974762A7-1F33-49B8-863D-533C77210ED7}.Release|Any CPU.Build.0 = Release|Any CPU
	EndGlobalSection
	GlobalSection(SolutionProperties) = preSolution
		HideSolutionNode = FALSE
	EndGlobalSection
	GlobalSection(ExtensibilityGlobals) = postSolution
		SolutionGuid = {94BAFF63-3A42-4347-8363-81828554C4E8}
	EndGlobalSection
EndGlobal
